// !$*UTF8*$!
{
	archiveVersion = 1;
	classes = {
	};
	objectVersion = 46;
	objects = {

/* Begin PBXBuildFile section */
		1F92F8F81FAA8A57F875E8C7 /* Pods_FoodApp.framework in Frameworks */ = {isa = PBXBuildFile; fileRef = A9F4A1D94314BF8BEB16C9F1 /* Pods_FoodApp.framework */; };
		370822DC1E51FFE100CDFC4A /* AppDelegate.swift in Sources */ = {isa = PBXBuildFile; fileRef = 370822DB1E51FFE100CDFC4A /* AppDelegate.swift */; };
		370822E11E51FFE100CDFC4A /* Main.storyboard in Resources */ = {isa = PBXBuildFile; fileRef = 370822DF1E51FFE100CDFC4A /* Main.storyboard */; };
		370822E31E51FFE100CDFC4A /* Assets.xcassets in Resources */ = {isa = PBXBuildFile; fileRef = 370822E21E51FFE100CDFC4A /* Assets.xcassets */; };
		370822E61E51FFE100CDFC4A /* LaunchScreen.storyboard in Resources */ = {isa = PBXBuildFile; fileRef = 370822E41E51FFE100CDFC4A /* LaunchScreen.storyboard */; };
		372718781E55F2E30006F8E2 /* GASMainViewController.swift in Sources */ = {isa = PBXBuildFile; fileRef = 372718771E55F2E30006F8E2 /* GASMainViewController.swift */; };
		376C33381E532A0D00919B14 /* GASTableViewController.swift in Sources */ = {isa = PBXBuildFile; fileRef = 376C33371E532A0D00919B14 /* GASTableViewController.swift */; };
		376C333A1E532F7500919B14 /* GASDetailViewController.swift in Sources */ = {isa = PBXBuildFile; fileRef = 376C33391E532F7500919B14 /* GASDetailViewController.swift */; };
		378471681E6051F500028EDD /* UserData.swift in Sources */ = {isa = PBXBuildFile; fileRef = 378471671E6051F500028EDD /* UserData.swift */; };
		37934AA11E65CC7300FC50CC /* Diagram.m in Sources */ = {isa = PBXBuildFile; fileRef = 37934AA01E65CC7300FC50CC /* Diagram.m */; };
		37934AA31E65CD3500FC50CC /* GASCompareViewController.swift in Sources */ = {isa = PBXBuildFile; fileRef = 37934AA21E65CD3500FC50CC /* GASCompareViewController.swift */; };
		37A340941E5B4113006466C6 /* APIParser.swift in Sources */ = {isa = PBXBuildFile; fileRef = 37A340931E5B4113006466C6 /* APIParser.swift */; };
		37A4CECD1E5C910E004A1EF9 /* APIFood.swift in Sources */ = {isa = PBXBuildFile; fileRef = 37A4CECC1E5C910E004A1EF9 /* APIFood.swift */; };
/* End PBXBuildFile section */

/* Begin PBXFileReference section */
		370822D81E51FFE100CDFC4A /* FoodApp.app */ = {isa = PBXFileReference; explicitFileType = wrapper.application; includeInIndex = 0; path = FoodApp.app; sourceTree = BUILT_PRODUCTS_DIR; };
		370822DB1E51FFE100CDFC4A /* AppDelegate.swift */ = {isa = PBXFileReference; lastKnownFileType = sourcecode.swift; path = AppDelegate.swift; sourceTree = "<group>"; };
		370822E01E51FFE100CDFC4A /* Base */ = {isa = PBXFileReference; lastKnownFileType = file.storyboard; name = Base; path = Base.lproj/Main.storyboard; sourceTree = "<group>"; };
		370822E21E51FFE100CDFC4A /* Assets.xcassets */ = {isa = PBXFileReference; lastKnownFileType = folder.assetcatalog; path = Assets.xcassets; sourceTree = "<group>"; };
		370822E51E51FFE100CDFC4A /* Base */ = {isa = PBXFileReference; lastKnownFileType = file.storyboard; name = Base; path = Base.lproj/LaunchScreen.storyboard; sourceTree = "<group>"; };
		370822E71E51FFE100CDFC4A /* Info.plist */ = {isa = PBXFileReference; lastKnownFileType = text.plist.xml; path = Info.plist; sourceTree = "<group>"; };
		372718771E55F2E30006F8E2 /* GASMainViewController.swift */ = {isa = PBXFileReference; fileEncoding = 4; lastKnownFileType = sourcecode.swift; path = GASMainViewController.swift; sourceTree = "<group>"; };
		376C33371E532A0D00919B14 /* GASTableViewController.swift */ = {isa = PBXFileReference; fileEncoding = 4; lastKnownFileType = sourcecode.swift; path = GASTableViewController.swift; sourceTree = "<group>"; };
		376C33391E532F7500919B14 /* GASDetailViewController.swift */ = {isa = PBXFileReference; fileEncoding = 4; lastKnownFileType = sourcecode.swift; path = GASDetailViewController.swift; sourceTree = "<group>"; };
		378471671E6051F500028EDD /* UserData.swift */ = {isa = PBXFileReference; fileEncoding = 4; lastKnownFileType = sourcecode.swift; path = UserData.swift; sourceTree = "<group>"; };
		37934A9E1E65CC7300FC50CC /* FoodApp-Bridging-Header.h */ = {isa = PBXFileReference; lastKnownFileType = sourcecode.c.h; path = "FoodApp-Bridging-Header.h"; sourceTree = "<group>"; };
		37934A9F1E65CC7300FC50CC /* Diagram.h */ = {isa = PBXFileReference; fileEncoding = 4; lastKnownFileType = sourcecode.c.h; path = Diagram.h; sourceTree = "<group>"; };
		37934AA01E65CC7300FC50CC /* Diagram.m */ = {isa = PBXFileReference; fileEncoding = 4; lastKnownFileType = sourcecode.c.objc; path = Diagram.m; sourceTree = "<group>"; };
		37934AA21E65CD3500FC50CC /* GASCompareViewController.swift */ = {isa = PBXFileReference; fileEncoding = 4; lastKnownFileType = sourcecode.swift; path = GASCompareViewController.swift; sourceTree = "<group>"; };
		37A340931E5B4113006466C6 /* APIParser.swift */ = {isa = PBXFileReference; fileEncoding = 4; lastKnownFileType = sourcecode.swift; path = APIParser.swift; sourceTree = "<group>"; };
		37A4CECC1E5C910E004A1EF9 /* APIFood.swift */ = {isa = PBXFileReference; fileEncoding = 4; lastKnownFileType = sourcecode.swift; path = APIFood.swift; sourceTree = "<group>"; };
		9B4723EDBCB7DA135C97C36C /* Pods-FoodApp.release.xcconfig */ = {isa = PBXFileReference; includeInIndex = 1; lastKnownFileType = text.xcconfig; name = "Pods-FoodApp.release.xcconfig"; path = "Pods/Target Support Files/Pods-FoodApp/Pods-FoodApp.release.xcconfig"; sourceTree = "<group>"; };
		A9F4A1D94314BF8BEB16C9F1 /* Pods_FoodApp.framework */ = {isa = PBXFileReference; explicitFileType = wrapper.framework; includeInIndex = 0; path = Pods_FoodApp.framework; sourceTree = BUILT_PRODUCTS_DIR; };
		DE727E57D29B26B8E2BF3956 /* Pods-FoodApp.debug.xcconfig */ = {isa = PBXFileReference; includeInIndex = 1; lastKnownFileType = text.xcconfig; name = "Pods-FoodApp.debug.xcconfig"; path = "Pods/Target Support Files/Pods-FoodApp/Pods-FoodApp.debug.xcconfig"; sourceTree = "<group>"; };
/* End PBXFileReference section */

/* Begin PBXFrameworksBuildPhase section */
		370822D51E51FFE100CDFC4A /* Frameworks */ = {
			isa = PBXFrameworksBuildPhase;
			buildActionMask = 2147483647;
			files = (
				1F92F8F81FAA8A57F875E8C7 /* Pods_FoodApp.framework in Frameworks */,
			);
			runOnlyForDeploymentPostprocessing = 0;
		};
/* End PBXFrameworksBuildPhase section */

/* Begin PBXGroup section */
		370822CF1E51FFE100CDFC4A = {
			isa = PBXGroup;
			children = (
				370822DA1E51FFE100CDFC4A /* FoodApp */,
				370822D91E51FFE100CDFC4A /* Products */,
				459945A8C401D83363E51E35 /* Pods */,
				59AA181EEEE5F08DF8DA1325 /* Frameworks */,
			);
			sourceTree = "<group>";
		};
		370822D91E51FFE100CDFC4A /* Products */ = {
			isa = PBXGroup;
			children = (
				370822D81E51FFE100CDFC4A /* FoodApp.app */,
			);
			name = Products;
			sourceTree = "<group>";
		};
		370822DA1E51FFE100CDFC4A /* FoodApp */ = {
			isa = PBXGroup;
			children = (
				370822DB1E51FFE100CDFC4A /* AppDelegate.swift */,
				372718771E55F2E30006F8E2 /* GASMainViewController.swift */,
				376C33371E532A0D00919B14 /* GASTableViewController.swift */,
				376C33391E532F7500919B14 /* GASDetailViewController.swift */,
				37934AA21E65CD3500FC50CC /* GASCompareViewController.swift */,
				37A340931E5B4113006466C6 /* APIParser.swift */,
				37A4CECC1E5C910E004A1EF9 /* APIFood.swift */,
				378471671E6051F500028EDD /* UserData.swift */,
				37934A9F1E65CC7300FC50CC /* Diagram.h */,
				37934AA01E65CC7300FC50CC /* Diagram.m */,
				370822DF1E51FFE100CDFC4A /* Main.storyboard */,
				370822E21E51FFE100CDFC4A /* Assets.xcassets */,
				370822E41E51FFE100CDFC4A /* LaunchScreen.storyboard */,
				370822E71E51FFE100CDFC4A /* Info.plist */,
				37934A9E1E65CC7300FC50CC /* FoodApp-Bridging-Header.h */,
			);
			path = FoodApp;
			sourceTree = "<group>";
		};
		459945A8C401D83363E51E35 /* Pods */ = {
			isa = PBXGroup;
			children = (
				DE727E57D29B26B8E2BF3956 /* Pods-FoodApp.debug.xcconfig */,
				9B4723EDBCB7DA135C97C36C /* Pods-FoodApp.release.xcconfig */,
			);
			name = Pods;
			sourceTree = "<group>";
		};
		59AA181EEEE5F08DF8DA1325 /* Frameworks */ = {
			isa = PBXGroup;
			children = (
				A9F4A1D94314BF8BEB16C9F1 /* Pods_FoodApp.framework */,
			);
			name = Frameworks;
			sourceTree = "<group>";
		};
/* End PBXGroup section */

/* Begin PBXNativeTarget section */
		370822D71E51FFE100CDFC4A /* FoodApp */ = {
			isa = PBXNativeTarget;
			buildConfigurationList = 370822EA1E51FFE100CDFC4A /* Build configuration list for PBXNativeTarget "FoodApp" */;
			buildPhases = (
				45038190FD18664EF712C013 /* [CP] Check Pods Manifest.lock */,
				370822D41E51FFE100CDFC4A /* Sources */,
				370822D51E51FFE100CDFC4A /* Frameworks */,
				370822D61E51FFE100CDFC4A /* Resources */,
				4C893587726D80F361D4E36C /* [CP] Embed Pods Frameworks */,
				D80F8A885B99F0282385B8F4 /* [CP] Copy Pods Resources */,
			);
			buildRules = (
			);
			dependencies = (
			);
			name = FoodApp;
			productName = FoodApp;
			productReference = 370822D81E51FFE100CDFC4A /* FoodApp.app */;
			productType = "com.apple.product-type.application";
		};
/* End PBXNativeTarget section */

/* Begin PBXProject section */
		370822D01E51FFE100CDFC4A /* Project object */ = {
			isa = PBXProject;
			attributes = {
				LastSwiftUpdateCheck = 0820;
				LastUpgradeCheck = 0820;
				ORGANIZATIONNAME = "Christian Blomqvist";
				TargetAttributes = {
					370822D71E51FFE100CDFC4A = {
						CreatedOnToolsVersion = 8.2.1;
						LastSwiftMigration = 0820;
						ProvisioningStyle = Automatic;
					};
				};
			};
			buildConfigurationList = 370822D31E51FFE100CDFC4A /* Build configuration list for PBXProject "FoodApp" */;
			compatibilityVersion = "Xcode 3.2";
			developmentRegion = English;
			hasScannedForEncodings = 0;
			knownRegions = (
				en,
				Base,
			);
			mainGroup = 370822CF1E51FFE100CDFC4A;
			productRefGroup = 370822D91E51FFE100CDFC4A /* Products */;
			projectDirPath = "";
			projectRoot = "";
			targets = (
				370822D71E51FFE100CDFC4A /* FoodApp */,
			);
		};
/* End PBXProject section */

/* Begin PBXResourcesBuildPhase section */
		370822D61E51FFE100CDFC4A /* Resources */ = {
			isa = PBXResourcesBuildPhase;
			buildActionMask = 2147483647;
			files = (
				370822E61E51FFE100CDFC4A /* LaunchScreen.storyboard in Resources */,
				370822E31E51FFE100CDFC4A /* Assets.xcassets in Resources */,
				370822E11E51FFE100CDFC4A /* Main.storyboard in Resources */,
			);
			runOnlyForDeploymentPostprocessing = 0;
		};
/* End PBXResourcesBuildPhase section */

/* Begin PBXShellScriptBuildPhase section */
		45038190FD18664EF712C013 /* [CP] Check Pods Manifest.lock */ = {
			isa = PBXShellScriptBuildPhase;
			buildActionMask = 2147483647;
			files = (
			);
			inputPaths = (
			);
			name = "[CP] Check Pods Manifest.lock";
			outputPaths = (
			);
			runOnlyForDeploymentPostprocessing = 0;
			shellPath = /bin/sh;
			shellScript = "diff \"${PODS_ROOT}/../Podfile.lock\" \"${PODS_ROOT}/Manifest.lock\" > /dev/null\nif [ $? != 0 ] ; then\n    # print error to STDERR\n    echo \"error: The sandbox is not in sync with the Podfile.lock. Run 'pod install' or update your CocoaPods installation.\" >&2\n    exit 1\nfi\n";
			showEnvVarsInLog = 0;
		};
		4C893587726D80F361D4E36C /* [CP] Embed Pods Frameworks */ = {
			isa = PBXShellScriptBuildPhase;
			buildActionMask = 2147483647;
			files = (
			);
			inputPaths = (
			);
			name = "[CP] Embed Pods Frameworks";
			outputPaths = (
			);
			runOnlyForDeploymentPostprocessing = 0;
			shellPath = /bin/sh;
			shellScript = "\"${SRCROOT}/Pods/Target Support Files/Pods-FoodApp/Pods-FoodApp-frameworks.sh\"\n";
			showEnvVarsInLog = 0;
		};
		D80F8A885B99F0282385B8F4 /* [CP] Copy Pods Resources */ = {
			isa = PBXShellScriptBuildPhase;
			buildActionMask = 2147483647;
			files = (
			);
			inputPaths = (
			);
			name = "[CP] Copy Pods Resources";
			outputPaths = (
			);
			runOnlyForDeploymentPostprocessing = 0;
			shellPath = /bin/sh;
			shellScript = "\"${SRCROOT}/Pods/Target Support Files/Pods-FoodApp/Pods-FoodApp-resources.sh\"\n";
			showEnvVarsInLog = 0;
		};
/* End PBXShellScriptBuildPhase section */

/* Begin PBXSourcesBuildPhase section */
		370822D41E51FFE100CDFC4A /* Sources */ = {
			isa = PBXSourcesBuildPhase;
			buildActionMask = 2147483647;
			files = (
				376C33381E532A0D00919B14 /* GASTableViewController.swift in Sources */,
				37934AA11E65CC7300FC50CC /* Diagram.m in Sources */,
				372718781E55F2E30006F8E2 /* GASMainViewController.swift in Sources */,
				378471681E6051F500028EDD /* UserData.swift in Sources */,
				37934AA31E65CD3500FC50CC /* GASCompareViewController.swift in Sources */,
				370822DC1E51FFE100CDFC4A /* AppDelegate.swift in Sources */,
				37A340941E5B4113006466C6 /* APIParser.swift in Sources */,
				376C333A1E532F7500919B14 /* GASDetailViewController.swift in Sources */,
				37A4CECD1E5C910E004A1EF9 /* APIFood.swift in Sources */,
			);
			runOnlyForDeploymentPostprocessing = 0;
		};
/* End PBXSourcesBuildPhase section */

/* Begin PBXVariantGroup section */
		370822DF1E51FFE100CDFC4A /* Main.storyboard */ = {
			isa = PBXVariantGroup;
			children = (
				370822E01E51FFE100CDFC4A /* Base */,
			);
			name = Main.storyboard;
			sourceTree = "<group>";
		};
		370822E41E51FFE100CDFC4A /* LaunchScreen.storyboard */ = {
			isa = PBXVariantGroup;
			children = (
				370822E51E51FFE100CDFC4A /* Base */,
			);
			name = LaunchScreen.storyboard;
			sourceTree = "<group>";
		};
/* End PBXVariantGroup section */

/* Begin XCBuildConfiguration section */
		370822E81E51FFE100CDFC4A /* Debug */ = {
			isa = XCBuildConfiguration;
			buildSettings = {
				ALWAYS_SEARCH_USER_PATHS = NO;
				CLANG_ANALYZER_NONNULL = YES;
				CLANG_CXX_LANGUAGE_STANDARD = "gnu++0x";
				CLANG_CXX_LIBRARY = "libc++";
				CLANG_ENABLE_MODULES = YES;
				CLANG_ENABLE_OBJC_ARC = YES;
				CLANG_WARN_BOOL_CONVERSION = YES;
				CLANG_WARN_CONSTANT_CONVERSION = YES;
				CLANG_WARN_DIRECT_OBJC_ISA_USAGE = YES_ERROR;
				CLANG_WARN_DOCUMENTATION_COMMENTS = YES;
				CLANG_WARN_EMPTY_BODY = YES;
				CLANG_WARN_ENUM_CONVERSION = YES;
				CLANG_WARN_INFINITE_RECURSION = YES;
				CLANG_WARN_INT_CONVERSION = YES;
				CLANG_WARN_OBJC_ROOT_CLASS = YES_ERROR;
				CLANG_WARN_SUSPICIOUS_MOVE = YES;
				CLANG_WARN_UNREACHABLE_CODE = YES;
				CLANG_WARN__DUPLICATE_METHOD_MATCH = YES;
				"CODE_SIGN_IDENTITY[sdk=iphoneos*]" = "iPhone Developer";
				COPY_PHASE_STRIP = NO;
				DEBUG_INFORMATION_FORMAT = dwarf;
				ENABLE_STRICT_OBJC_MSGSEND = YES;
				ENABLE_TESTABILITY = YES;
				GCC_C_LANGUAGE_STANDARD = gnu99;
				GCC_DYNAMIC_NO_PIC = NO;
				GCC_NO_COMMON_BLOCKS = YES;
				GCC_OPTIMIZATION_LEVEL = 0;
				GCC_PREPROCESSOR_DEFINITIONS = (
					"DEBUG=1",
					"$(inherited)",
				);
				GCC_WARN_64_TO_32_BIT_CONVERSION = YES;
				GCC_WARN_ABOUT_RETURN_TYPE = YES_ERROR;
				GCC_WARN_UNDECLARED_SELECTOR = YES;
				GCC_WARN_UNINITIALIZED_AUTOS = YES_AGGRESSIVE;
				GCC_WARN_UNUSED_FUNCTION = YES;
				GCC_WARN_UNUSED_VARIABLE = YES;
				IPHONEOS_DEPLOYMENT_TARGET = 10.2;
				MTL_ENABLE_DEBUG_INFO = YES;
				ONLY_ACTIVE_ARCH = YES;
				SDKROOT = iphoneos;
				SWIFT_ACTIVE_COMPILATION_CONDITIONS = DEBUG;
				SWIFT_OPTIMIZATION_LEVEL = "-Onone";
			};
			name = Debug;
		};
		370822E91E51FFE100CDFC4A /* Release */ = {
			isa = XCBuildConfiguration;
			buildSettings = {
				ALWAYS_SEARCH_USER_PATHS = NO;
				CLANG_ANALYZER_NONNULL = YES;
				CLANG_CXX_LANGUAGE_STANDARD = "gnu++0x";
				CLANG_CXX_LIBRARY = "libc++";
				CLANG_ENABLE_MODULES = YES;
				CLANG_ENABLE_OBJC_ARC = YES;
				CLANG_WARN_BOOL_CONVERSION = YES;
				CLANG_WARN_CONSTANT_CONVERSION = YES;
				CLANG_WARN_DIRECT_OBJC_ISA_USAGE = YES_ERROR;
				CLANG_WARN_DOCUMENTATION_COMMENTS = YES;
				CLANG_WARN_EMPTY_BODY = YES;
				CLANG_WARN_ENUM_CONVERSION = YES;
				CLANG_WARN_INFINITE_RECURSION = YES;
				CLANG_WARN_INT_CONVERSION = YES;
				CLANG_WARN_OBJC_ROOT_CLASS = YES_ERROR;
				CLANG_WARN_SUSPICIOUS_MOVE = YES;
				CLANG_WARN_UNREACHABLE_CODE = YES;
				CLANG_WARN__DUPLICATE_METHOD_MATCH = YES;
				"CODE_SIGN_IDENTITY[sdk=iphoneos*]" = "iPhone Developer";
				COPY_PHASE_STRIP = NO;
				DEBUG_INFORMATION_FORMAT = "dwarf-with-dsym";
				ENABLE_NS_ASSERTIONS = NO;
				ENABLE_STRICT_OBJC_MSGSEND = YES;
				GCC_C_LANGUAGE_STANDARD = gnu99;
				GCC_NO_COMMON_BLOCKS = YES;
				GCC_WARN_64_TO_32_BIT_CONVERSION = YES;
				GCC_WARN_ABOUT_RETURN_TYPE = YES_ERROR;
				GCC_WARN_UNDECLARED_SELECTOR = YES;
				GCC_WARN_UNINITIALIZED_AUTOS = YES_AGGRESSIVE;
				GCC_WARN_UNUSED_FUNCTION = YES;
				GCC_WARN_UNUSED_VARIABLE = YES;
				IPHONEOS_DEPLOYMENT_TARGET = 10.2;
				MTL_ENABLE_DEBUG_INFO = NO;
				SDKROOT = iphoneos;
				SWIFT_OPTIMIZATION_LEVEL = "-Owholemodule";
				VALIDATE_PRODUCT = YES;
			};
			name = Release;
		};
		370822EB1E51FFE100CDFC4A /* Debug */ = {
			isa = XCBuildConfiguration;
			baseConfigurationReference = DE727E57D29B26B8E2BF3956 /* Pods-FoodApp.debug.xcconfig */;
			buildSettings = {
				ASSETCATALOG_COMPILER_APPICON_NAME = AppIcon;
				CLANG_ENABLE_MODULES = YES;
				INFOPLIST_FILE = FoodApp/Info.plist;
				LD_RUNPATH_SEARCH_PATHS = "$(inherited) @executable_path/Frameworks";
				PRODUCT_BUNDLE_IDENTIFIER = com.gaspop.FoodApp;
				PRODUCT_NAME = "$(TARGET_NAME)";
				SWIFT_OBJC_BRIDGING_HEADER = "FoodApp/FoodApp-Bridging-Header.h";
				SWIFT_OPTIMIZATION_LEVEL = "-Onone";
				SWIFT_VERSION = 3.0;
			};
			name = Debug;
		};
		370822EC1E51FFE100CDFC4A /* Release */ = {
			isa = XCBuildConfiguration;
			baseConfigurationReference = 9B4723EDBCB7DA135C97C36C /* Pods-FoodApp.release.xcconfig */;
			buildSettings = {
				ASSETCATALOG_COMPILER_APPICON_NAME = AppIcon;
				CLANG_ENABLE_MODULES = YES;
				INFOPLIST_FILE = FoodApp/Info.plist;
				LD_RUNPATH_SEARCH_PATHS = "$(inherited) @executable_path/Frameworks";
				PRODUCT_BUNDLE_IDENTIFIER = com.gaspop.FoodApp;
				PRODUCT_NAME = "$(TARGET_NAME)";
				SWIFT_OBJC_BRIDGING_HEADER = "FoodApp/FoodApp-Bridging-Header.h";
				SWIFT_VERSION = 3.0;
			};
			name = Release;
		};
/* End XCBuildConfiguration section */

/* Begin XCConfigurationList section */
		370822D31E51FFE100CDFC4A /* Build configuration list for PBXProject "FoodApp" */ = {
			isa = XCConfigurationList;
			buildConfigurations = (
				370822E81E51FFE100CDFC4A /* Debug */,
				370822E91E51FFE100CDFC4A /* Release */,
			);
			defaultConfigurationIsVisible = 0;
			defaultConfigurationName = Release;
		};
		370822EA1E51FFE100CDFC4A /* Build configuration list for PBXNativeTarget "FoodApp" */ = {
			isa = XCConfigurationList;
			buildConfigurations = (
				370822EB1E51FFE100CDFC4A /* Debug */,
				370822EC1E51FFE100CDFC4A /* Release */,
			);
			defaultConfigurationIsVisible = 0;
			defaultConfigurationName = Release;
		};
/* End XCConfigurationList section */
	};
	rootObject = 370822D01E51FFE100CDFC4A /* Project object */;
}
